# THIS IS AN AUTOGENERATED FILE. DO NOT EDIT THIS FILE DIRECTLY.
# yarn lockfile v1


is-wsl@^1.1.0:
  version "1.1.0"
  resolved "https://registry.yarnpkg.com/is-wsl/-/is-wsl-1.1.0.tgz#1f16e4aa22b04d1336b66188a66af3c600c3a66d"

luhn-js@^1.1.1:
  version "1.1.1"
  resolved "https://registry.yarnpkg.com/luhn-js/-/luhn-js-1.1.1.tgz#a671c3325c1381f43f3c29542d0ca7cc43f1ca46"

opn@^5.4.0:
  version "5.4.0"
  resolved "https://registry.yarnpkg.com/opn/-/opn-5.4.0.tgz#cb545e7aab78562beb11aa3bfabc7042e1761035"
  dependencies:
    is-wsl "^1.1.0"
